
Microsoft Visual Studio Solution File, Format Version 12.00
# Visual Studio Version 17
VisualStudioVersion = 17.2.32630.192
MinimumVisualStudioVersion = 10.0.40219.1
Project("{FAE04EC0-301F-11D3-BF4B-00C04F79EFBC}") = "Test_plan", "Test_plan\Test_plan.csproj", "{F5A96B22-BBD8-4737-85C7-CE6B198AB9CD}"
EndProject
Global
	GlobalSection(SolutionConfigurationPlatforms) = preSolution
		Debug|Any CPU = Debug|Any CPU
		Release|Any CPU = Release|Any CPU
	EndGlobalSection
	GlobalSection(ProjectConfigurationPlatforms) = postSolution
		{F5A96B22-BBD8-4737-85C7-CE6B198AB9CD}.Debug|Any CPU.ActiveCfg = Debug|Any CPU
		{F5A96B22-BBD8-4737-85C7-CE6B198AB9CD}.Debug|Any CPU.Build.0 = Debug|Any CPU
		{F5A96B22-BBD8-4737-85C7-CE6B198AB9CD}.Release|Any CPU.ActiveCfg = Release|Any CPU
		{F5A96B22-BBD8-4737-85C7-CE6B198AB9CD}.Release|Any CPU.Build.0 = Release|Any CPU
	EndGlobalSection
	GlobalSection(SolutionProperties) = preSolution
		HideSolutionNode = FALSE
	EndGlobalSection
	GlobalSection(ExtensibilityGlobals) = postSolution
		SolutionGuid = {F91CDFDF-171A-4B0F-8C20-6F55A22439CF}
	EndGlobalSection
EndGlobal
